
Microsoft Visual Studio Solution File, Format Version 12.00
# Visual Studio Version 17
VisualStudioVersion = 17.12.35527.113
MinimumVisualStudioVersion = 10.0.40219.1
Project("{FAE04EC0-301F-11D3-BF4B-00C04F79EFBC}") = "Forge", "Forge\Forge.csproj", "{AE33FB79-218E-4A8D-B9E1-58701527AA6D}"
EndProject
Project("{FAE04EC0-301F-11D3-BF4B-00C04F79EFBC}") = "Forge.Core", "Forge.Core\Forge.Core.csproj", "{C34886BF-2D6F-449C-A8D2-DF6024C5FEF3}"
EndProject
Project("{FAE04EC0-301F-11D3-BF4B-00C04F79EFBC}") = "Forge.Tests", "Forge.Tests\Forge.Tests.csproj", "{5CEEA974-5120-45AD-9F19-BBD30DBC1E6F}"
EndProject
Global
	GlobalSection(SolutionConfigurationPlatforms) = preSolution
		Debug|Any CPU = Debug|Any CPU
		Debug|x64 = Debug|x64
		Debug|x86 = Debug|x86
		Release|Any CPU = Release|Any CPU
		Release|x64 = Release|x64
		Release|x86 = Release|x86
	EndGlobalSection
	GlobalSection(ProjectConfigurationPlatforms) = postSolution
		{AE33FB79-218E-4A8D-B9E1-58701527AA6D}.Debug|Any CPU.ActiveCfg = Debug|Any CPU
		{AE33FB79-218E-4A8D-B9E1-58701527AA6D}.Debug|Any CPU.Build.0 = Debug|Any CPU
		{AE33FB79-218E-4A8D-B9E1-58701527AA6D}.Debug|Any CPU.Deploy.0 = Debug|Any CPU
		{AE33FB79-218E-4A8D-B9E1-58701527AA6D}.Debug|x64.ActiveCfg = Debug|Any CPU
		{AE33FB79-218E-4A8D-B9E1-58701527AA6D}.Debug|x64.Build.0 = Debug|Any CPU
		{AE33FB79-218E-4A8D-B9E1-58701527AA6D}.Debug|x86.ActiveCfg = Debug|Any CPU
		{AE33FB79-218E-4A8D-B9E1-58701527AA6D}.Debug|x86.Build.0 = Debug|Any CPU
		{AE33FB79-218E-4A8D-B9E1-58701527AA6D}.Release|Any CPU.ActiveCfg = Release|Any CPU
		{AE33FB79-218E-4A8D-B9E1-58701527AA6D}.Release|Any CPU.Build.0 = Release|Any CPU
		{AE33FB79-218E-4A8D-B9E1-58701527AA6D}.Release|x64.ActiveCfg = Release|Any CPU
		{AE33FB79-218E-4A8D-B9E1-58701527AA6D}.Release|x64.Build.0 = Release|Any CPU
		{AE33FB79-218E-4A8D-B9E1-58701527AA6D}.Release|x86.ActiveCfg = Release|Any CPU
		{AE33FB79-218E-4A8D-B9E1-58701527AA6D}.Release|x86.Build.0 = Release|Any CPU
		{C34886BF-2D6F-449C-A8D2-DF6024C5FEF3}.Debug|Any CPU.ActiveCfg = Debug|Any CPU
		{C34886BF-2D6F-449C-A8D2-DF6024C5FEF3}.Debug|Any CPU.Build.0 = Debug|Any CPU
		{C34886BF-2D6F-449C-A8D2-DF6024C5FEF3}.Debug|x64.ActiveCfg = Debug|Any CPU
		{C34886BF-2D6F-449C-A8D2-DF6024C5FEF3}.Debug|x64.Build.0 = Debug|Any CPU
		{C34886BF-2D6F-449C-A8D2-DF6024C5FEF3}.Debug|x86.ActiveCfg = Debug|Any CPU
		{C34886BF-2D6F-449C-A8D2-DF6024C5FEF3}.Debug|x86.Build.0 = Debug|Any CPU
		{C34886BF-2D6F-449C-A8D2-DF6024C5FEF3}.Release|Any CPU.ActiveCfg = Release|Any CPU
		{C34886BF-2D6F-449C-A8D2-DF6024C5FEF3}.Release|Any CPU.Build.0 = Release|Any CPU
		{C34886BF-2D6F-449C-A8D2-DF6024C5FEF3}.Release|x64.ActiveCfg = Release|Any CPU
		{C34886BF-2D6F-449C-A8D2-DF6024C5FEF3}.Release|x64.Build.0 = Release|Any CPU
		{C34886BF-2D6F-449C-A8D2-DF6024C5FEF3}.Release|x86.ActiveCfg = Release|Any CPU
		{C34886BF-2D6F-449C-A8D2-DF6024C5FEF3}.Release|x86.Build.0 = Release|Any CPU
		{5CEEA974-5120-45AD-9F19-BBD30DBC1E6F}.Debug|Any CPU.ActiveCfg = Debug|Any CPU
		{5CEEA974-5120-45AD-9F19-BBD30DBC1E6F}.Debug|Any CPU.Build.0 = Debug|Any CPU
		{5CEEA974-5120-45AD-9F19-BBD30DBC1E6F}.Debug|x64.ActiveCfg = Debug|Any CPU
		{5CEEA974-5120-45AD-9F19-BBD30DBC1E6F}.Debug|x64.Build.0 = Debug|Any CPU
		{5CEEA974-5120-45AD-9F19-BBD30DBC1E6F}.Debug|x86.ActiveCfg = Debug|Any CPU
		{5CEEA974-5120-45AD-9F19-BBD30DBC1E6F}.Debug|x86.Build.0 = Debug|Any CPU
		{5CEEA974-5120-45AD-9F19-BBD30DBC1E6F}.Release|Any CPU.ActiveCfg = Release|Any CPU
		{5CEEA974-5120-45AD-9F19-BBD30DBC1E6F}.Release|Any CPU.Build.0 = Release|Any CPU
		{5CEEA974-5120-45AD-9F19-BBD30DBC1E6F}.Release|x64.ActiveCfg = Release|Any CPU
		{5CEEA974-5120-45AD-9F19-BBD30DBC1E6F}.Release|x64.Build.0 = Release|Any CPU
		{5CEEA974-5120-45AD-9F19-BBD30DBC1E6F}.Release|x86.ActiveCfg = Release|Any CPU
		{5CEEA974-5120-45AD-9F19-BBD30DBC1E6F}.Release|x86.Build.0 = Release|Any CPU
	EndGlobalSection
	GlobalSection(SolutionProperties) = preSolution
		HideSolutionNode = FALSE
	EndGlobalSection
EndGlobal
